
Microsoft Visual Studio Solution File, Format Version 12.00
# Visual Studio Version 17
VisualStudioVersion = 17.14.36301.6 d17.14
MinimumVisualStudioVersion = 10.0.40219.1
Project("{FAE04EC0-301F-11D3-BF4B-00C04F79EFBC}") = "Parkman", "Parkman\Parkman.csproj", "{F2AEF9F1-0E4A-44A6-B09B-E5AC64EA3487}"
EndProject
Global
	GlobalSection(SolutionConfigurationPlatforms) = preSolution
		Debug|Any CPU = Debug|Any CPU
		Release|Any CPU = Release|Any CPU
	EndGlobalSection
	GlobalSection(ProjectConfigurationPlatforms) = postSolution
		{F2AEF9F1-0E4A-44A6-B09B-E5AC64EA3487}.Debug|Any CPU.ActiveCfg = Debug|Any CPU
		{F2AEF9F1-0E4A-44A6-B09B-E5AC64EA3487}.Debug|Any CPU.Build.0 = Debug|Any CPU
		{F2AEF9F1-0E4A-44A6-B09B-E5AC64EA3487}.Release|Any CPU.ActiveCfg = Release|Any CPU
		{F2AEF9F1-0E4A-44A6-B09B-E5AC64EA3487}.Release|Any CPU.Build.0 = Release|Any CPU
	EndGlobalSection
	GlobalSection(SolutionProperties) = preSolution
		HideSolutionNode = FALSE
	EndGlobalSection
	GlobalSection(ExtensibilityGlobals) = postSolution
		SolutionGuid = {124B3D8B-99DA-49EE-AD52-3849E9879670}
	EndGlobalSection
EndGlobal
